
Microsoft Visual Studio Solution File, Format Version 12.00
# Visual Studio Version 16
VisualStudioVersion = 25.0.1705.0
MinimumVisualStudioVersion = 10.0.40219.1
Project("{FAE04EC0-301F-11D3-BF4B-00C04F79EFBC}") = "demo", "demo\demo.csproj", "{58EF7C69-081A-4ABC-AE77-7B48BB3F74E0}"
EndProject
Global
	GlobalSection(SolutionConfigurationPlatforms) = preSolution
		Debug|Any CPU = Debug|Any CPU
		Release|Any CPU = Release|Any CPU
	EndGlobalSection
	GlobalSection(ProjectConfigurationPlatforms) = postSolution
		{58EF7C69-081A-4ABC-AE77-7B48BB3F74E0}.Debug|Any CPU.ActiveCfg = Debug|Any CPU
		{58EF7C69-081A-4ABC-AE77-7B48BB3F74E0}.Debug|Any CPU.Build.0 = Debug|Any CPU
		{58EF7C69-081A-4ABC-AE77-7B48BB3F74E0}.Release|Any CPU.ActiveCfg = Release|Any CPU
		{58EF7C69-081A-4ABC-AE77-7B48BB3F74E0}.Release|Any CPU.Build.0 = Release|Any CPU
	EndGlobalSection
	GlobalSection(SolutionProperties) = preSolution
		HideSolutionNode = FALSE
	EndGlobalSection
	GlobalSection(ExtensibilityGlobals) = postSolution
		SolutionGuid = {C143D5B0-2A4E-4678-882A-1D49390C26D1}
	EndGlobalSection
EndGlobal
